/home/jverwilt/JV2408_tear_RNA/output/20240906_AV242402_4843/A/06_circRNA/A_circRNA.gtf
/home/jverwilt/JV2408_tear_RNA/output/20240906_AV242402_4843/A_DNase/06_circRNA/A_DNase_circRNA.gtf
/home/jverwilt/JV2408_tear_RNA/output/20240906_AV242402_4843/B/06_circRNA/B_circRNA.gtf
/home/jverwilt/JV2408_tear_RNA/output/20240906_AV242402_4843/B_DNase/06_circRNA/B_DNase_circRNA.gtf
/home/jverwilt/JV2408_tear_RNA/output/20240906_AV242402_4843/C/06_circRNA/C_circRNA.gtf
/home/jverwilt/JV2408_tear_RNA/output/20240906_AV242402_4843/C_DNase/06_circRNA/C_DNase_circRNA.gtf
/home/jverwilt/JV2408_tear_RNA/output/20240906_AV242402_4843/D/06_circRNA/D_circRNA.gtf
/home/jverwilt/JV2408_tear_RNA/output/20240906_AV242402_4843/D_DNase/06_circRNA/D_DNase_circRNA.gtf
/home/jverwilt/JV2408_tear_RNA/output/20240906_AV242402_4843/E/06_circRNA/E_circRNA.gtf
/home/jverwilt/JV2408_tear_RNA/output/20240906_AV242402_4843/E_DNase/06_circRNA/E_DNase_circRNA.gtf
/home/jverwilt/JV2408_tear_RNA/output/20240906_AV242402_4843/positive/06_circRNA/positive_circRNA.gtf
/home/jverwilt/JV2408_tear_RNA/output/20240906_AV242402_4843/positive_DNase/06_circRNA/positive_DNase_circRNA.gtf
/home/jverwilt/JV2408_tear_RNA/output/20240906_AV242402_4843/A/04_dedup/A.Aligned.sortedByCoord.out.dedup_R1.fastq
/home/jverwilt/JV2408_tear_RNA/output/20240906_AV242402_4843/A/04_dedup/A.Aligned.sortedByCoord.out.dedup_R2.fastq
/home/jverwilt/JV2408_tear_RNA/output/20240906_AV242402_4843/A/04_dedup/A.Aligned.sortedByCoord.out.dedup.bam
/home/jverwilt/JV2408_tear_RNA/output/20240906_AV242402_4843/A/03_map/A.Aligned.sortedByCoord.out.bam
/home/jverwilt/JV2408_tear_RNA/output/20240906_AV242402_4843/A/03_map/A.Aligned.sortedByCoord.out.bam.bai
/home/jverwilt/JV2408_tear_RNA/output/20240906_AV242402_4843/A/02_extract_umi/A_umi_R1.fastq.gz
/home/jverwilt/JV2408_tear_RNA/output/20240906_AV242402_4843/A/02_extract_umi/A_umi_R2.fastq.gz
/home/jverwilt/JV2408_tear_RNA/output/20240906_AV242402_4843/A/01_combine/A_R1.fastq.gz
/home/jverwilt/JV2408_tear_RNA/output/20240906_AV242402_4843/A/01_combine/A_R2.fastq.gz
/home/jverwilt/JV2408_tear_RNA/data/20240906_AV242402_4843/reads/A/4843_08_A_240807_240626_first_test_S12_L001_R1_001.fastq.gz
/home/jverwilt/JV2408_tear_RNA/data/20240906_AV242402_4843/reads/A/4843_08_A_240807_240626_first_test_S12_L002_R1_001.fastq.gz
/home/jverwilt/JV2408_tear_RNA/data/20240906_AV242402_4843/reads/A/4843_08_A_240807_240626_first_test_S12_L001_R2_001.fastq.gz
/home/jverwilt/JV2408_tear_RNA/data/20240906_AV242402_4843/reads/A/4843_08_A_240807_240626_first_test_S12_L002_R2_001.fastq.gz
/home/jverwilt/JV2408_tear_RNA/output/20240906_AV242402_4843/A/03_map/A.Aligned.sortedByCoord.out.bam
/home/jverwilt/JV2408_tear_RNA/output/20240906_AV242402_4843/A_DNase/04_dedup/A_DNase.Aligned.sortedByCoord.out.dedup_R1.fastq
/home/jverwilt/JV2408_tear_RNA/output/20240906_AV242402_4843/A_DNase/04_dedup/A_DNase.Aligned.sortedByCoord.out.dedup_R2.fastq
/home/jverwilt/JV2408_tear_RNA/output/20240906_AV242402_4843/A_DNase/04_dedup/A_DNase.Aligned.sortedByCoord.out.dedup.bam
/home/jverwilt/JV2408_tear_RNA/output/20240906_AV242402_4843/A_DNase/03_map/A_DNase.Aligned.sortedByCoord.out.bam
/home/jverwilt/JV2408_tear_RNA/output/20240906_AV242402_4843/A_DNase/03_map/A_DNase.Aligned.sortedByCoord.out.bam.bai
/home/jverwilt/JV2408_tear_RNA/output/20240906_AV242402_4843/A_DNase/02_extract_umi/A_DNase_umi_R1.fastq.gz
/home/jverwilt/JV2408_tear_RNA/output/20240906_AV242402_4843/A_DNase/02_extract_umi/A_DNase_umi_R2.fastq.gz
/home/jverwilt/JV2408_tear_RNA/output/20240906_AV242402_4843/A_DNase/01_combine/A_DNase_R1.fastq.gz
/home/jverwilt/JV2408_tear_RNA/output/20240906_AV242402_4843/A_DNase/01_combine/A_DNase_R2.fastq.gz
/home/jverwilt/JV2408_tear_RNA/data/20240906_AV242402_4843/reads/A_DNase/4843_01_A_DNase_240807_240626_first_test_S5_L001_R1_001.fastq.gz
/home/jverwilt/JV2408_tear_RNA/data/20240906_AV242402_4843/reads/A_DNase/4843_01_A_DNase_240807_240626_first_test_S5_L002_R1_001.fastq.gz
/home/jverwilt/JV2408_tear_RNA/data/20240906_AV242402_4843/reads/A_DNase/4843_01_A_DNase_240807_240626_first_test_S5_L001_R2_001.fastq.gz
/home/jverwilt/JV2408_tear_RNA/data/20240906_AV242402_4843/reads/A_DNase/4843_01_A_DNase_240807_240626_first_test_S5_L002_R2_001.fastq.gz
/home/jverwilt/JV2408_tear_RNA/output/20240906_AV242402_4843/A_DNase/03_map/A_DNase.Aligned.sortedByCoord.out.bam
/home/jverwilt/JV2408_tear_RNA/output/20240906_AV242402_4843/B/04_dedup/B.Aligned.sortedByCoord.out.dedup_R1.fastq
/home/jverwilt/JV2408_tear_RNA/output/20240906_AV242402_4843/B/04_dedup/B.Aligned.sortedByCoord.out.dedup_R2.fastq
/home/jverwilt/JV2408_tear_RNA/output/20240906_AV242402_4843/B/04_dedup/B.Aligned.sortedByCoord.out.dedup.bam
/home/jverwilt/JV2408_tear_RNA/output/20240906_AV242402_4843/B/03_map/B.Aligned.sortedByCoord.out.bam
/home/jverwilt/JV2408_tear_RNA/output/20240906_AV242402_4843/B/03_map/B.Aligned.sortedByCoord.out.bam.bai
/home/jverwilt/JV2408_tear_RNA/output/20240906_AV242402_4843/B/02_extract_umi/B_umi_R1.fastq.gz
/home/jverwilt/JV2408_tear_RNA/output/20240906_AV242402_4843/B/02_extract_umi/B_umi_R2.fastq.gz
/home/jverwilt/JV2408_tear_RNA/output/20240906_AV242402_4843/B/01_combine/B_R1.fastq.gz
/home/jverwilt/JV2408_tear_RNA/output/20240906_AV242402_4843/B/01_combine/B_R2.fastq.gz
/home/jverwilt/JV2408_tear_RNA/data/20240906_AV242402_4843/reads/B/4843_09_B_240807_240626_first_test_S13_L001_R1_001.fastq.gz
/home/jverwilt/JV2408_tear_RNA/data/20240906_AV242402_4843/reads/B/4843_09_B_240807_240626_first_test_S13_L002_R1_001.fastq.gz
/home/jverwilt/JV2408_tear_RNA/data/20240906_AV242402_4843/reads/B/4843_09_B_240807_240626_first_test_S13_L001_R2_001.fastq.gz
/home/jverwilt/JV2408_tear_RNA/data/20240906_AV242402_4843/reads/B/4843_09_B_240807_240626_first_test_S13_L002_R2_001.fastq.gz
/home/jverwilt/JV2408_tear_RNA/output/20240906_AV242402_4843/B/03_map/B.Aligned.sortedByCoord.out.bam
/home/jverwilt/JV2408_tear_RNA/output/20240906_AV242402_4843/B_DNase/04_dedup/B_DNase.Aligned.sortedByCoord.out.dedup_R1.fastq
/home/jverwilt/JV2408_tear_RNA/output/20240906_AV242402_4843/B_DNase/04_dedup/B_DNase.Aligned.sortedByCoord.out.dedup_R2.fastq
/home/jverwilt/JV2408_tear_RNA/output/20240906_AV242402_4843/B_DNase/04_dedup/B_DNase.Aligned.sortedByCoord.out.dedup.bam
/home/jverwilt/JV2408_tear_RNA/output/20240906_AV242402_4843/B_DNase/03_map/B_DNase.Aligned.sortedByCoord.out.bam
/home/jverwilt/JV2408_tear_RNA/output/20240906_AV242402_4843/B_DNase/03_map/B_DNase.Aligned.sortedByCoord.out.bam.bai
/home/jverwilt/JV2408_tear_RNA/output/20240906_AV242402_4843/B_DNase/02_extract_umi/B_DNase_umi_R1.fastq.gz
/home/jverwilt/JV2408_tear_RNA/output/20240906_AV242402_4843/B_DNase/02_extract_umi/B_DNase_umi_R2.fastq.gz
/home/jverwilt/JV2408_tear_RNA/output/20240906_AV242402_4843/B_DNase/01_combine/B_DNase_R1.fastq.gz
/home/jverwilt/JV2408_tear_RNA/output/20240906_AV242402_4843/B_DNase/01_combine/B_DNase_R2.fastq.gz
/home/jverwilt/JV2408_tear_RNA/data/20240906_AV242402_4843/reads/B_DNase/4843_02_B_DNase_240807_240626_first_test_S6_L001_R1_001.fastq.gz
/home/jverwilt/JV2408_tear_RNA/data/20240906_AV242402_4843/reads/B_DNase/4843_02_B_DNase_240807_240626_first_test_S6_L002_R1_001.fastq.gz
/home/jverwilt/JV2408_tear_RNA/data/20240906_AV242402_4843/reads/B_DNase/4843_02_B_DNase_240807_240626_first_test_S6_L001_R2_001.fastq.gz
/home/jverwilt/JV2408_tear_RNA/data/20240906_AV242402_4843/reads/B_DNase/4843_02_B_DNase_240807_240626_first_test_S6_L002_R2_001.fastq.gz
/home/jverwilt/JV2408_tear_RNA/output/20240906_AV242402_4843/B_DNase/03_map/B_DNase.Aligned.sortedByCoord.out.bam
/home/jverwilt/JV2408_tear_RNA/output/20240906_AV242402_4843/C/04_dedup/C.Aligned.sortedByCoord.out.dedup_R1.fastq
/home/jverwilt/JV2408_tear_RNA/output/20240906_AV242402_4843/C/04_dedup/C.Aligned.sortedByCoord.out.dedup_R2.fastq
/home/jverwilt/JV2408_tear_RNA/output/20240906_AV242402_4843/C/04_dedup/C.Aligned.sortedByCoord.out.dedup.bam
/home/jverwilt/JV2408_tear_RNA/output/20240906_AV242402_4843/C/03_map/C.Aligned.sortedByCoord.out.bam
/home/jverwilt/JV2408_tear_RNA/output/20240906_AV242402_4843/C/03_map/C.Aligned.sortedByCoord.out.bam.bai
/home/jverwilt/JV2408_tear_RNA/output/20240906_AV242402_4843/C/02_extract_umi/C_umi_R1.fastq.gz
/home/jverwilt/JV2408_tear_RNA/output/20240906_AV242402_4843/C/02_extract_umi/C_umi_R2.fastq.gz
/home/jverwilt/JV2408_tear_RNA/output/20240906_AV242402_4843/C/01_combine/C_R1.fastq.gz
/home/jverwilt/JV2408_tear_RNA/output/20240906_AV242402_4843/C/01_combine/C_R2.fastq.gz
/home/jverwilt/JV2408_tear_RNA/data/20240906_AV242402_4843/reads/C/4843_10_C_240807_240626_first_test_S14_L001_R1_001.fastq.gz
/home/jverwilt/JV2408_tear_RNA/data/20240906_AV242402_4843/reads/C/4843_10_C_240807_240626_first_test_S14_L002_R1_001.fastq.gz
/home/jverwilt/JV2408_tear_RNA/data/20240906_AV242402_4843/reads/C/4843_10_C_240807_240626_first_test_S14_L001_R2_001.fastq.gz
/home/jverwilt/JV2408_tear_RNA/data/20240906_AV242402_4843/reads/C/4843_10_C_240807_240626_first_test_S14_L002_R2_001.fastq.gz
/home/jverwilt/JV2408_tear_RNA/output/20240906_AV242402_4843/C/03_map/C.Aligned.sortedByCoord.out.bam
/home/jverwilt/JV2408_tear_RNA/output/20240906_AV242402_4843/C_DNase/04_dedup/C_DNase.Aligned.sortedByCoord.out.dedup_R1.fastq
/home/jverwilt/JV2408_tear_RNA/output/20240906_AV242402_4843/C_DNase/04_dedup/C_DNase.Aligned.sortedByCoord.out.dedup_R2.fastq
/home/jverwilt/JV2408_tear_RNA/output/20240906_AV242402_4843/C_DNase/04_dedup/C_DNase.Aligned.sortedByCoord.out.dedup.bam
/home/jverwilt/JV2408_tear_RNA/output/20240906_AV242402_4843/C_DNase/03_map/C_DNase.Aligned.sortedByCoord.out.bam
/home/jverwilt/JV2408_tear_RNA/output/20240906_AV242402_4843/C_DNase/03_map/C_DNase.Aligned.sortedByCoord.out.bam.bai
/home/jverwilt/JV2408_tear_RNA/output/20240906_AV242402_4843/C_DNase/02_extract_umi/C_DNase_umi_R1.fastq.gz
/home/jverwilt/JV2408_tear_RNA/output/20240906_AV242402_4843/C_DNase/02_extract_umi/C_DNase_umi_R2.fastq.gz
/home/jverwilt/JV2408_tear_RNA/output/20240906_AV242402_4843/C_DNase/01_combine/C_DNase_R1.fastq.gz
/home/jverwilt/JV2408_tear_RNA/output/20240906_AV242402_4843/C_DNase/01_combine/C_DNase_R2.fastq.gz
/home/jverwilt/JV2408_tear_RNA/data/20240906_AV242402_4843/reads/C_DNase/4843_03_C_DNase_240807_240626_first_test_S7_L001_R1_001.fastq.gz
/home/jverwilt/JV2408_tear_RNA/data/20240906_AV242402_4843/reads/C_DNase/4843_03_C_DNase_240807_240626_first_test_S7_L002_R1_001.fastq.gz
/home/jverwilt/JV2408_tear_RNA/data/20240906_AV242402_4843/reads/C_DNase/4843_03_C_DNase_240807_240626_first_test_S7_L001_R2_001.fastq.gz
/home/jverwilt/JV2408_tear_RNA/data/20240906_AV242402_4843/reads/C_DNase/4843_03_C_DNase_240807_240626_first_test_S7_L002_R2_001.fastq.gz
/home/jverwilt/JV2408_tear_RNA/output/20240906_AV242402_4843/C_DNase/03_map/C_DNase.Aligned.sortedByCoord.out.bam
/home/jverwilt/JV2408_tear_RNA/output/20240906_AV242402_4843/D/04_dedup/D.Aligned.sortedByCoord.out.dedup_R1.fastq
/home/jverwilt/JV2408_tear_RNA/output/20240906_AV242402_4843/D/04_dedup/D.Aligned.sortedByCoord.out.dedup_R2.fastq
/home/jverwilt/JV2408_tear_RNA/output/20240906_AV242402_4843/D/04_dedup/D.Aligned.sortedByCoord.out.dedup.bam
/home/jverwilt/JV2408_tear_RNA/output/20240906_AV242402_4843/D/03_map/D.Aligned.sortedByCoord.out.bam
/home/jverwilt/JV2408_tear_RNA/output/20240906_AV242402_4843/D/03_map/D.Aligned.sortedByCoord.out.bam.bai
/home/jverwilt/JV2408_tear_RNA/output/20240906_AV242402_4843/D/02_extract_umi/D_umi_R1.fastq.gz
/home/jverwilt/JV2408_tear_RNA/output/20240906_AV242402_4843/D/02_extract_umi/D_umi_R2.fastq.gz
/home/jverwilt/JV2408_tear_RNA/output/20240906_AV242402_4843/D/01_combine/D_R1.fastq.gz
/home/jverwilt/JV2408_tear_RNA/output/20240906_AV242402_4843/D/01_combine/D_R2.fastq.gz
/home/jverwilt/JV2408_tear_RNA/data/20240906_AV242402_4843/reads/D/4843_11_D_240807_240626_first_test_S15_L001_R1_001.fastq.gz
/home/jverwilt/JV2408_tear_RNA/data/20240906_AV242402_4843/reads/D/4843_11_D_240807_240626_first_test_S15_L002_R1_001.fastq.gz
/home/jverwilt/JV2408_tear_RNA/data/20240906_AV242402_4843/reads/D/4843_11_D_240807_240626_first_test_S15_L001_R2_001.fastq.gz
/home/jverwilt/JV2408_tear_RNA/data/20240906_AV242402_4843/reads/D/4843_11_D_240807_240626_first_test_S15_L002_R2_001.fastq.gz
/home/jverwilt/JV2408_tear_RNA/output/20240906_AV242402_4843/D/03_map/D.Aligned.sortedByCoord.out.bam
/home/jverwilt/JV2408_tear_RNA/output/20240906_AV242402_4843/D_DNase/04_dedup/D_DNase.Aligned.sortedByCoord.out.dedup_R1.fastq
/home/jverwilt/JV2408_tear_RNA/output/20240906_AV242402_4843/D_DNase/04_dedup/D_DNase.Aligned.sortedByCoord.out.dedup_R2.fastq
/home/jverwilt/JV2408_tear_RNA/output/20240906_AV242402_4843/D_DNase/04_dedup/D_DNase.Aligned.sortedByCoord.out.dedup.bam
/home/jverwilt/JV2408_tear_RNA/output/20240906_AV242402_4843/D_DNase/03_map/D_DNase.Aligned.sortedByCoord.out.bam
/home/jverwilt/JV2408_tear_RNA/output/20240906_AV242402_4843/D_DNase/03_map/D_DNase.Aligned.sortedByCoord.out.bam.bai
/home/jverwilt/JV2408_tear_RNA/output/20240906_AV242402_4843/D_DNase/02_extract_umi/D_DNase_umi_R1.fastq.gz
/home/jverwilt/JV2408_tear_RNA/output/20240906_AV242402_4843/D_DNase/02_extract_umi/D_DNase_umi_R2.fastq.gz
/home/jverwilt/JV2408_tear_RNA/output/20240906_AV242402_4843/D_DNase/01_combine/D_DNase_R1.fastq.gz
/home/jverwilt/JV2408_tear_RNA/output/20240906_AV242402_4843/D_DNase/01_combine/D_DNase_R2.fastq.gz
/home/jverwilt/JV2408_tear_RNA/data/20240906_AV242402_4843/reads/D_DNase/4843_04_D_DNase_240807_240626_first_test_S8_L001_R1_001.fastq.gz
/home/jverwilt/JV2408_tear_RNA/data/20240906_AV242402_4843/reads/D_DNase/4843_04_D_DNase_240807_240626_first_test_S8_L002_R1_001.fastq.gz
/home/jverwilt/JV2408_tear_RNA/data/20240906_AV242402_4843/reads/D_DNase/4843_04_D_DNase_240807_240626_first_test_S8_L001_R2_001.fastq.gz
/home/jverwilt/JV2408_tear_RNA/data/20240906_AV242402_4843/reads/D_DNase/4843_04_D_DNase_240807_240626_first_test_S8_L002_R2_001.fastq.gz
/home/jverwilt/JV2408_tear_RNA/output/20240906_AV242402_4843/D_DNase/03_map/D_DNase.Aligned.sortedByCoord.out.bam
/home/jverwilt/JV2408_tear_RNA/output/20240906_AV242402_4843/E/04_dedup/E.Aligned.sortedByCoord.out.dedup_R1.fastq
/home/jverwilt/JV2408_tear_RNA/output/20240906_AV242402_4843/E/04_dedup/E.Aligned.sortedByCoord.out.dedup_R2.fastq
/home/jverwilt/JV2408_tear_RNA/output/20240906_AV242402_4843/E/04_dedup/E.Aligned.sortedByCoord.out.dedup.bam
/home/jverwilt/JV2408_tear_RNA/output/20240906_AV242402_4843/E/03_map/E.Aligned.sortedByCoord.out.bam
/home/jverwilt/JV2408_tear_RNA/output/20240906_AV242402_4843/E/03_map/E.Aligned.sortedByCoord.out.bam.bai
/home/jverwilt/JV2408_tear_RNA/output/20240906_AV242402_4843/E/02_extract_umi/E_umi_R1.fastq.gz
/home/jverwilt/JV2408_tear_RNA/output/20240906_AV242402_4843/E/02_extract_umi/E_umi_R2.fastq.gz
/home/jverwilt/JV2408_tear_RNA/output/20240906_AV242402_4843/E/01_combine/E_R1.fastq.gz
/home/jverwilt/JV2408_tear_RNA/output/20240906_AV242402_4843/E/01_combine/E_R2.fastq.gz
/home/jverwilt/JV2408_tear_RNA/data/20240906_AV242402_4843/reads/E/4843_12_E_240807_240626_first_test_S16_L001_R1_001.fastq.gz
/home/jverwilt/JV2408_tear_RNA/data/20240906_AV242402_4843/reads/E/4843_12_E_240807_240626_first_test_S16_L002_R1_001.fastq.gz
/home/jverwilt/JV2408_tear_RNA/data/20240906_AV242402_4843/reads/E/4843_12_E_240807_240626_first_test_S16_L001_R2_001.fastq.gz
/home/jverwilt/JV2408_tear_RNA/data/20240906_AV242402_4843/reads/E/4843_12_E_240807_240626_first_test_S16_L002_R2_001.fastq.gz
/home/jverwilt/JV2408_tear_RNA/output/20240906_AV242402_4843/E/03_map/E.Aligned.sortedByCoord.out.bam
/home/jverwilt/JV2408_tear_RNA/output/20240906_AV242402_4843/E_DNase/04_dedup/E_DNase.Aligned.sortedByCoord.out.dedup_R1.fastq
/home/jverwilt/JV2408_tear_RNA/output/20240906_AV242402_4843/E_DNase/04_dedup/E_DNase.Aligned.sortedByCoord.out.dedup_R2.fastq
/home/jverwilt/JV2408_tear_RNA/output/20240906_AV242402_4843/E_DNase/04_dedup/E_DNase.Aligned.sortedByCoord.out.dedup.bam
/home/jverwilt/JV2408_tear_RNA/output/20240906_AV242402_4843/E_DNase/03_map/E_DNase.Aligned.sortedByCoord.out.bam
/home/jverwilt/JV2408_tear_RNA/output/20240906_AV242402_4843/E_DNase/03_map/E_DNase.Aligned.sortedByCoord.out.bam.bai
/home/jverwilt/JV2408_tear_RNA/output/20240906_AV242402_4843/E_DNase/02_extract_umi/E_DNase_umi_R1.fastq.gz
/home/jverwilt/JV2408_tear_RNA/output/20240906_AV242402_4843/E_DNase/02_extract_umi/E_DNase_umi_R2.fastq.gz
/home/jverwilt/JV2408_tear_RNA/output/20240906_AV242402_4843/E_DNase/01_combine/E_DNase_R1.fastq.gz
/home/jverwilt/JV2408_tear_RNA/output/20240906_AV242402_4843/E_DNase/01_combine/E_DNase_R2.fastq.gz
/home/jverwilt/JV2408_tear_RNA/data/20240906_AV242402_4843/reads/E_DNase/4843_05_E_DNase_240807_240626_first_test_S9_L001_R1_001.fastq.gz
/home/jverwilt/JV2408_tear_RNA/data/20240906_AV242402_4843/reads/E_DNase/4843_05_E_DNase_240807_240626_first_test_S9_L002_R1_001.fastq.gz
/home/jverwilt/JV2408_tear_RNA/data/20240906_AV242402_4843/reads/E_DNase/4843_05_E_DNase_240807_240626_first_test_S9_L001_R2_001.fastq.gz
/home/jverwilt/JV2408_tear_RNA/data/20240906_AV242402_4843/reads/E_DNase/4843_05_E_DNase_240807_240626_first_test_S9_L002_R2_001.fastq.gz
/home/jverwilt/JV2408_tear_RNA/output/20240906_AV242402_4843/E_DNase/03_map/E_DNase.Aligned.sortedByCoord.out.bam
/home/jverwilt/JV2408_tear_RNA/output/20240906_AV242402_4843/positive/04_dedup/positive.Aligned.sortedByCoord.out.dedup_R1.fastq
/home/jverwilt/JV2408_tear_RNA/output/20240906_AV242402_4843/positive/04_dedup/positive.Aligned.sortedByCoord.out.dedup_R2.fastq
/home/jverwilt/JV2408_tear_RNA/output/20240906_AV242402_4843/positive/04_dedup/positive.Aligned.sortedByCoord.out.dedup.bam
/home/jverwilt/JV2408_tear_RNA/output/20240906_AV242402_4843/positive/03_map/positive.Aligned.sortedByCoord.out.bam
/home/jverwilt/JV2408_tear_RNA/output/20240906_AV242402_4843/positive/03_map/positive.Aligned.sortedByCoord.out.bam.bai
/home/jverwilt/JV2408_tear_RNA/output/20240906_AV242402_4843/positive/02_extract_umi/positive_umi_R1.fastq.gz
/home/jverwilt/JV2408_tear_RNA/output/20240906_AV242402_4843/positive/02_extract_umi/positive_umi_R2.fastq.gz
/home/jverwilt/JV2408_tear_RNA/output/20240906_AV242402_4843/positive/01_combine/positive_R1.fastq.gz
/home/jverwilt/JV2408_tear_RNA/output/20240906_AV242402_4843/positive/01_combine/positive_R2.fastq.gz
/home/jverwilt/JV2408_tear_RNA/data/20240906_AV242402_4843/reads/positive/4843_06_positive_240807_240626_first_test_S10_L001_R1_001.fastq.gz
/home/jverwilt/JV2408_tear_RNA/data/20240906_AV242402_4843/reads/positive/4843_06_positive_240807_240626_first_test_S10_L002_R1_001.fastq.gz
/home/jverwilt/JV2408_tear_RNA/data/20240906_AV242402_4843/reads/positive/4843_06_positive_240807_240626_first_test_S10_L001_R2_001.fastq.gz
/home/jverwilt/JV2408_tear_RNA/data/20240906_AV242402_4843/reads/positive/4843_06_positive_240807_240626_first_test_S10_L002_R2_001.fastq.gz
/home/jverwilt/JV2408_tear_RNA/output/20240906_AV242402_4843/positive/03_map/positive.Aligned.sortedByCoord.out.bam
/home/jverwilt/JV2408_tear_RNA/output/20240906_AV242402_4843/positive_DNase/04_dedup/positive_DNase.Aligned.sortedByCoord.out.dedup_R1.fastq
/home/jverwilt/JV2408_tear_RNA/output/20240906_AV242402_4843/positive_DNase/04_dedup/positive_DNase.Aligned.sortedByCoord.out.dedup_R2.fastq
/home/jverwilt/JV2408_tear_RNA/output/20240906_AV242402_4843/positive_DNase/04_dedup/positive_DNase.Aligned.sortedByCoord.out.dedup.bam
/home/jverwilt/JV2408_tear_RNA/output/20240906_AV242402_4843/positive_DNase/03_map/positive_DNase.Aligned.sortedByCoord.out.bam
/home/jverwilt/JV2408_tear_RNA/output/20240906_AV242402_4843/positive_DNase/03_map/positive_DNase.Aligned.sortedByCoord.out.bam.bai
/home/jverwilt/JV2408_tear_RNA/output/20240906_AV242402_4843/positive_DNase/02_extract_umi/positive_DNase_umi_R1.fastq.gz
/home/jverwilt/JV2408_tear_RNA/output/20240906_AV242402_4843/positive_DNase/02_extract_umi/positive_DNase_umi_R2.fastq.gz
/home/jverwilt/JV2408_tear_RNA/output/20240906_AV242402_4843/positive_DNase/01_combine/positive_DNase_R1.fastq.gz
/home/jverwilt/JV2408_tear_RNA/output/20240906_AV242402_4843/positive_DNase/01_combine/positive_DNase_R2.fastq.gz
/home/jverwilt/JV2408_tear_RNA/data/20240906_AV242402_4843/reads/positive_DNase/4843_07_positive_DNase_240807_240626_first_test_S11_L001_R1_001.fastq.gz
/home/jverwilt/JV2408_tear_RNA/data/20240906_AV242402_4843/reads/positive_DNase/4843_07_positive_DNase_240807_240626_first_test_S11_L002_R1_001.fastq.gz
/home/jverwilt/JV2408_tear_RNA/data/20240906_AV242402_4843/reads/positive_DNase/4843_07_positive_DNase_240807_240626_first_test_S11_L001_R2_001.fastq.gz
/home/jverwilt/JV2408_tear_RNA/data/20240906_AV242402_4843/reads/positive_DNase/4843_07_positive_DNase_240807_240626_first_test_S11_L002_R2_001.fastq.gz
/home/jverwilt/JV2408_tear_RNA/output/20240906_AV242402_4843/positive_DNase/03_map/positive_DNase.Aligned.sortedByCoord.out.bam
