/home/jverwilt/JV2408_tear_RNA/output/20240906_AV242402_4843/A/06_circRNA/A_circRNA.gtf
/home/jverwilt/JV2408_tear_RNA/output/20240906_AV242402_4843/C/06_circRNA/C_circRNA.gtf
/home/jverwilt/JV2408_tear_RNA/output/20240906_AV242402_4843/E/06_circRNA/E_circRNA.gtf
/home/jverwilt/JV2408_tear_RNA/output/20240906_AV242402_4843/A_DNase/06_circRNA/A_DNase_circRNA.gtf
/home/jverwilt/JV2408_tear_RNA/output/20240906_AV242402_4843/C_DNase/06_circRNA/C_DNase_circRNA.gtf
/home/jverwilt/JV2408_tear_RNA/output/20240906_AV242402_4843/E_DNase/06_circRNA/E_DNase_circRNA.gtf
/home/jverwilt/JV2408_tear_RNA/output/20240906_AV242402_4843/positive_DNase/06_circRNA/positive_DNase_circRNA.gtf
/home/jverwilt/JV2408_tear_RNA/output/20240906_AV242402_4843/B/06_circRNA/B_circRNA.gtf
/home/jverwilt/JV2408_tear_RNA/output/20240906_AV242402_4843/D/06_circRNA/D_circRNA.gtf
/home/jverwilt/JV2408_tear_RNA/output/20240906_AV242402_4843/positive/06_circRNA/positive_circRNA.gtf
/home/jverwilt/JV2408_tear_RNA/output/20240906_AV242402_4843/B_DNase/06_circRNA/B_DNase_circRNA.gtf
/home/jverwilt/JV2408_tear_RNA/output/20240906_AV242402_4843/D_DNase/06_circRNA/D_DNase_circRNA.gtf
